
Microsoft Visual Studio Solution File, Format Version 12.00
# Visual Studio Version 17
VisualStudioVersion = 17.5.33627.172
MinimumVisualStudioVersion = 10.0.40219.1
Project("{FAE04EC0-301F-11D3-BF4B-00C04F79EFBC}") = "SimpleLog", "SimpleLog\SimpleLog.csproj", "{DCEF8889-806F-421E-9DEC-E826EFDD9915}"
EndProject
Global
	GlobalSection(SolutionConfigurationPlatforms) = preSolution
		Debug|Any CPU = Debug|Any CPU
		Release|Any CPU = Release|Any CPU
	EndGlobalSection
	GlobalSection(ProjectConfigurationPlatforms) = postSolution
		{DCEF8889-806F-421E-9DEC-E826EFDD9915}.Debug|Any CPU.ActiveCfg = Debug|Any CPU
		{DCEF8889-806F-421E-9DEC-E826EFDD9915}.Debug|Any CPU.Build.0 = Debug|Any CPU
		{DCEF8889-806F-421E-9DEC-E826EFDD9915}.Release|Any CPU.ActiveCfg = Release|Any CPU
		{DCEF8889-806F-421E-9DEC-E826EFDD9915}.Release|Any CPU.Build.0 = Release|Any CPU
	EndGlobalSection
	GlobalSection(SolutionProperties) = preSolution
		HideSolutionNode = FALSE
	EndGlobalSection
	GlobalSection(ExtensibilityGlobals) = postSolution
		SolutionGuid = {2F0A1544-3388-4A89-94BB-BD5C33F1BB7B}
	EndGlobalSection
EndGlobal
